
Microsoft Visual Studio Solution File, Format Version 12.00
# Visual Studio Version 17
VisualStudioVersion = 17.5.002.0
MinimumVisualStudioVersion = 10.0.40219.1
Project("{9A19103F-16F7-4668-BE54-9A1E7A4F7556}") = "TransRiwi", "TransRiwi.csproj", "{602E27FB-F565-4FD4-8036-31767A13063C}"
EndProject
Global
	GlobalSection(SolutionConfigurationPlatforms) = preSolution
		Debug|Any CPU = Debug|Any CPU
		Release|Any CPU = Release|Any CPU
	EndGlobalSection
	GlobalSection(ProjectConfigurationPlatforms) = postSolution
		{602E27FB-F565-4FD4-8036-31767A13063C}.Debug|Any CPU.ActiveCfg = Debug|Any CPU
		{602E27FB-F565-4FD4-8036-31767A13063C}.Debug|Any CPU.Build.0 = Debug|Any CPU
		{602E27FB-F565-4FD4-8036-31767A13063C}.Release|Any CPU.ActiveCfg = Release|Any CPU
		{602E27FB-F565-4FD4-8036-31767A13063C}.Release|Any CPU.Build.0 = Release|Any CPU
	EndGlobalSection
	GlobalSection(SolutionProperties) = preSolution
		HideSolutionNode = FALSE
	EndGlobalSection
	GlobalSection(ExtensibilityGlobals) = postSolution
		SolutionGuid = {D012DF37-844E-43E5-A45F-927FFC0B0B18}
	EndGlobalSection
EndGlobal
